
Microsoft Visual Studio Solution File, Format Version 12.00
# Visual Studio 15
VisualStudioVersion = 15.0.26430.12
MinimumVisualStudioVersion = 10.0.40219.1
Project("{FAE04EC0-301F-11D3-BF4B-00C04F79EFBC}") = "TeaTime.Common", "src\TeaTime.Common\TeaTime.Common.csproj", "{CFB430B9-1ABD-40D9-BE44-CC58787D338F}"
EndProject
Project("{FAE04EC0-301F-11D3-BF4B-00C04F79EFBC}") = "TeaTime.Data.MySql", "src\TeaTime.Data.MySql\TeaTime.Data.MySql.csproj", "{72C5F8D4-9EA9-44C9-BB7B-0C28C446A2A5}"
EndProject
Project("{2150E333-8FDC-42A3-9474-1A3956D46DE8}") = "tests", "tests", "{32D445B8-13BA-49FF-B011-A32171506DEC}"
EndProject
Project("{FAE04EC0-301F-11D3-BF4B-00C04F79EFBC}") = "TeaTime.Data.MySql.Tests", "tests\TeaTime.Data.MySql.Tests\TeaTime.Data.MySql.Tests.csproj", "{F1314D32-E9AF-4CB8-AF31-8344D6D9FD96}"
EndProject
Project("{FAE04EC0-301F-11D3-BF4B-00C04F79EFBC}") = "TeaTime.Slack", "src\TeaTime.Slack\TeaTime.Slack.csproj", "{31C27F3B-75B4-41C1-85A4-33608E9FBA20}"
EndProject
Project("{FAE04EC0-301F-11D3-BF4B-00C04F79EFBC}") = "TeaTime.Slack.Tests", "tests\TeaTime.Slack.Tests\TeaTime.Slack.Tests.csproj", "{2D6B64F2-D95B-421F-B073-CDCC987C1ED7}"
EndProject
Project("{FAE04EC0-301F-11D3-BF4B-00C04F79EFBC}") = "TeaTime", "src\TeaTime\TeaTime.csproj", "{CFD44BBC-887F-4048-A072-19EDA1A45010}"
EndProject
Global
	GlobalSection(SolutionConfigurationPlatforms) = preSolution
		Debug|Any CPU = Debug|Any CPU
		Release|Any CPU = Release|Any CPU
	EndGlobalSection
	GlobalSection(ProjectConfigurationPlatforms) = postSolution
		{CFB430B9-1ABD-40D9-BE44-CC58787D338F}.Debug|Any CPU.ActiveCfg = Debug|Any CPU
		{CFB430B9-1ABD-40D9-BE44-CC58787D338F}.Debug|Any CPU.Build.0 = Debug|Any CPU
		{CFB430B9-1ABD-40D9-BE44-CC58787D338F}.Release|Any CPU.ActiveCfg = Release|Any CPU
		{CFB430B9-1ABD-40D9-BE44-CC58787D338F}.Release|Any CPU.Build.0 = Release|Any CPU
		{72C5F8D4-9EA9-44C9-BB7B-0C28C446A2A5}.Debug|Any CPU.ActiveCfg = Debug|Any CPU
		{72C5F8D4-9EA9-44C9-BB7B-0C28C446A2A5}.Debug|Any CPU.Build.0 = Debug|Any CPU
		{72C5F8D4-9EA9-44C9-BB7B-0C28C446A2A5}.Release|Any CPU.ActiveCfg = Release|Any CPU
		{72C5F8D4-9EA9-44C9-BB7B-0C28C446A2A5}.Release|Any CPU.Build.0 = Release|Any CPU
		{F1314D32-E9AF-4CB8-AF31-8344D6D9FD96}.Debug|Any CPU.ActiveCfg = Debug|Any CPU
		{F1314D32-E9AF-4CB8-AF31-8344D6D9FD96}.Debug|Any CPU.Build.0 = Debug|Any CPU
		{F1314D32-E9AF-4CB8-AF31-8344D6D9FD96}.Release|Any CPU.ActiveCfg = Release|Any CPU
		{F1314D32-E9AF-4CB8-AF31-8344D6D9FD96}.Release|Any CPU.Build.0 = Release|Any CPU
		{31C27F3B-75B4-41C1-85A4-33608E9FBA20}.Debug|Any CPU.ActiveCfg = Debug|Any CPU
		{31C27F3B-75B4-41C1-85A4-33608E9FBA20}.Debug|Any CPU.Build.0 = Debug|Any CPU
		{31C27F3B-75B4-41C1-85A4-33608E9FBA20}.Release|Any CPU.ActiveCfg = Release|Any CPU
		{31C27F3B-75B4-41C1-85A4-33608E9FBA20}.Release|Any CPU.Build.0 = Release|Any CPU
		{2D6B64F2-D95B-421F-B073-CDCC987C1ED7}.Debug|Any CPU.ActiveCfg = Debug|Any CPU
		{2D6B64F2-D95B-421F-B073-CDCC987C1ED7}.Debug|Any CPU.Build.0 = Debug|Any CPU
		{2D6B64F2-D95B-421F-B073-CDCC987C1ED7}.Release|Any CPU.ActiveCfg = Release|Any CPU
		{2D6B64F2-D95B-421F-B073-CDCC987C1ED7}.Release|Any CPU.Build.0 = Release|Any CPU
		{CFD44BBC-887F-4048-A072-19EDA1A45010}.Debug|Any CPU.ActiveCfg = Debug|Any CPU
		{CFD44BBC-887F-4048-A072-19EDA1A45010}.Debug|Any CPU.Build.0 = Debug|Any CPU
		{CFD44BBC-887F-4048-A072-19EDA1A45010}.Release|Any CPU.ActiveCfg = Release|Any CPU
		{CFD44BBC-887F-4048-A072-19EDA1A45010}.Release|Any CPU.Build.0 = Release|Any CPU
	EndGlobalSection
	GlobalSection(SolutionProperties) = preSolution
		HideSolutionNode = FALSE
	EndGlobalSection
	GlobalSection(NestedProjects) = preSolution
		{F1314D32-E9AF-4CB8-AF31-8344D6D9FD96} = {32D445B8-13BA-49FF-B011-A32171506DEC}
		{2D6B64F2-D95B-421F-B073-CDCC987C1ED7} = {32D445B8-13BA-49FF-B011-A32171506DEC}
	EndGlobalSection
EndGlobal
